{
  "version": 4,
  "terraform_version": "1.16.3",
  "serial": 1,
  "lineage": "f5f43fcc-60c4-3289-fd56-b5075568f52a",
  "outputs": {},
  "resources": [
    {
      "mode": "managed",
      "type": "local_file",
      "name": "test",
      "provider": "provider[\"registry.terraform.io/hashicorp/local\"]",
      "instances": [
        {
          "schema_version": 0,
          "attributes": {
            "content": "this is my test file",
            "content_base64": null,
            "content_base64sha256": "PlEkygNo6k2ucKSLokE5+/ZTxhyKg7whFtKYAmJFcis=",
            "content_base64sha512": "oyYvyf1ktI0/reh6a9/xPD8mStyzQYPBpdf93UJq2XRA++Q0qrFF1cvA8d6K7f6E3YGTz2Ub8DWPGCmv8cNGGA==",
            "content_md5": "83bb2c90b25fdc867f4653c9965d35d5",
            "content_sha1": "b783d1d516c6c9b1cdece1e90562cc07e0a730be",
            "content_sha256": "3e5124ca0368ea4dae70a48ba24139fbf653c61c8a83bc2116d298026245722b",
            "content_sha512": "a3262fc9fd64b48d3fade87a6bdff13c3f264adcb34183c1a5d7fddd426ad97440fbe434aab145d5cbc0f1de8aedfe84dd8193cf651bf0358f1829aff1c34618",
            "directory_permission": "0777",
            "file_permission": "0777",
            "filename": "/terraform/test.html",
            "id": "b783d1d516c6c9b1cdece1e90562cc07e0a730be",
            "sensitive_content": null,
            "source": null
          },
          "sensitive_attributes": [
            [
              {
                "type": "get_attr",
                "value": "sensitive_content"
              }
            ]
          ],
          "identity_schema_version": 0
        }
      ]
    }
  ],
  "check_results": null
}
